# This file is autogenerated, do not edit; changes may be undone by the next 'dep ensure'.


[[projects]]
  digest = "1:04964d0d313bf937d8fab27536e65929a0c5725e8cc7ef6b70ea22f4f7286943"
  name = "github.com/cloudtrust/common-service"
  packages = ["errors"]
  pruneopts = ""
  revision = "e14a77b040547a99ba8305371e769f58c675504c"
  version = "v2.4.0"

[[projects]]
  digest = "1:bb7f91ab4d1c44a3bb2651c613463c134165bda0282fca891a63b88d1b501997"
  name = "github.com/coreos/go-oidc"
  packages = ["."]
  pruneopts = ""
  revision = "8d771559cf6e5111c9b9159810d0e4538e7cdc82"
  version = "v2.2.1"

[[projects]]
  digest = "1:0deddd908b6b4b768cfc272c16ee61e7088a60f7fe2f06c547bd3d8e1f8b8e77"
  name = "github.com/davecgh/go-spew"
  packages = ["spew"]
  pruneopts = ""
  revision = "8991bc29aa16c548c550c7ff78260e27b9ab7c73"
  version = "v1.1.1"

[[projects]]
  digest = "1:0c07a9cb3d3c845439a4fcaae6c8bdd0e7727cbbd3acf1e032e5d4a2dc132306"
  name = "github.com/gbrlsnchs/jwt"
  packages = ["."]
  pruneopts = ""
  revision = "808efa0714baff8c25cc65ef8681966740beb9f9"
  version = "v2.0.0"

[[projects]]
  digest = "1:324437ddda77526fea02c29a2208ef1260e7a96ff0202965143215941564c400"
  name = "github.com/go-kit/kit"
  packages = [
    "endpoint",
    "log",
    "transport",
    "transport/http",
  ]
  pruneopts = ""
  revision = "cc938d52e0cdf4c811ab203f428fcd06f9d9a148"
  version = "v0.10.0"

[[projects]]
  digest = "1:aa9a6ccd5fd7d29804a27cb0666bc4ac5eb4b73439b7edd54f4b377e5ef8bb47"
  name = "github.com/go-logfmt/logfmt"
  packages = ["."]
  pruneopts = ""
  revision = "3be5f6aae7db841d31dc5e1b3bb7b4cff19200b3"
  version = "v0.5.0"

[[projects]]
  digest = "1:420035c7b851ca4983af7509bd5b20460b90748e2771ff68cd2d0d1d5c99f94b"
  name = "github.com/golang/mock"
  packages = ["gomock"]
  pruneopts = ""
  revision = "a23c5e7c8f7bb73c8ae5d8711815bbd30f3cfac8"
  version = "v1.5.0"

[[projects]]
  digest = "1:019270a39e03c8ff951f6e536014c87b418bb0ad90b358929dd7d556546ea093"
  name = "github.com/golang/protobuf"
  packages = ["proto"]
  pruneopts = ""
  revision = "ae97035608a719c7a1c1c41bed0ae0744bdb0c6f"
  version = "v1.5.2"

[[projects]]
  digest = "1:20e3b61797cba6a42b110320b703a0b86e2771f324411e75557c2acbc819b1b5"
  name = "github.com/gorilla/mux"
  packages = ["."]
  pruneopts = ""
  revision = "98cb6bf42e086f6af920b965c38cacc07402d51b"
  version = "v1.8.0"

[[projects]]
  digest = "1:c45802472e0c06928cd997661f2af610accd85217023b1d5f6331bebce0671d3"
  name = "github.com/pkg/errors"
  packages = ["."]
  pruneopts = ""
  revision = "614d223910a179a466c1767a985424175c39b465"
  version = "v0.9.1"

[[projects]]
  digest = "1:256484dbbcd271f9ecebc6795b2df8cad4c458dd0f5fd82a8c2fa0c29f233411"
  name = "github.com/pmezard/go-difflib"
  packages = ["difflib"]
  pruneopts = ""
  revision = "792786c7400a136282c1664665ae0a8db921c6c2"
  version = "v1.0.0"

[[projects]]
  digest = "1:a24274fbd039bf27b062529d925fd58e0f44586b8e34a3c28e3e1433ae8ff412"
  name = "github.com/pquerna/cachecontrol"
  packages = [
    ".",
    "cacheobject",
  ]
  pruneopts = ""
  revision = "fb00f8a766ae43bf209f50299ce7d69669416dfb"
  version = "v0.1.0"

[[projects]]
  digest = "1:688428eeb1ca80d92599eb3254bdf91b51d7e232fead3a73844c1f201a281e51"
  name = "github.com/spf13/pflag"
  packages = ["."]
  pruneopts = ""
  revision = "2e9d26c8c37aae03e3f9d4e90b7116f5accb7cab"
  version = "v1.0.5"

[[projects]]
  digest = "1:81a176cfb198bb3479a124befc52339e53bcd30d33379e81ba90a2245fc26675"
  name = "github.com/stretchr/testify"
  packages = ["assert"]
  pruneopts = ""
  revision = "acba37e5db06f0093b465a7d47822bf13644b66c"
  version = "v1.7.0"

[[projects]]
  branch = "master"
  digest = "1:848141632c781af60b6e0e5a5e1b3b7337fc6b18077431f311cf7fab5b834f64"
  name = "golang.org/x/crypto"
  packages = [
    "ed25519",
    "ed25519/internal/edwards25519",
    "pbkdf2",
  ]
  pruneopts = ""
  revision = "c07d793c2f9aacf728fe68cbd7acd73adbd04159"

[[projects]]
  branch = "master"
  digest = "1:618b9745d9855c68af0e628c259ac03ef4b76f947c4373707fe0b0ff36b1c278"
  name = "golang.org/x/net"
  packages = [
    "context",
    "context/ctxhttp",
    "idna",
    "publicsuffix",
  ]
  pruneopts = ""
  revision = "4163338589ed626ba11276b63facaef1f55349d4"

[[projects]]
  branch = "master"
  digest = "1:0d94301fb072284586f39d3c7808b4a42f47233768371927dbcf85f496b0dedb"
  name = "golang.org/x/oauth2"
  packages = [
    ".",
    "internal",
  ]
  pruneopts = ""
  revision = "f6687ab2804cbebdfdeef385bee94918b1ce83de"

[[projects]]
  digest = "1:fbf4ce886fca533792ff7aa7be5df3f473dd2e6d0fdebcf0b78df8fd6f666d50"
  name = "golang.org/x/text"
  packages = [
    "collate",
    "collate/build",
    "internal/colltab",
    "internal/gen",
    "internal/language",
    "internal/language/compact",
    "internal/tag",
    "internal/triegen",
    "internal/ucd",
    "language",
    "secure/bidirule",
    "transform",
    "unicode/bidi",
    "unicode/cldr",
    "unicode/norm",
    "unicode/rangetable",
  ]
  pruneopts = ""
  revision = "e328d63cff14134669501e0e154e4f141c784322"
  version = "v0.3.6"

[[projects]]
  digest = "1:13ee408d4cf721c5b576dbaff8d88ced35aadc9675274cc6b4ad009ac0372955"
  name = "google.golang.org/appengine"
  packages = [
    "internal",
    "internal/base",
    "internal/datastore",
    "internal/log",
    "internal/remote_api",
    "internal/urlfetch",
    "urlfetch",
  ]
  pruneopts = ""
  revision = "5d1c1d03f8703c2e81478d9a30e9afa2d3e4bd8a"
  version = "v1.6.7"

[[projects]]
  digest = "1:0411230c1d513425d5d96a6b193fc50e635cbabf0c27a58869c17c3c8edc67c4"
  name = "google.golang.org/protobuf"
  packages = [
    "encoding/prototext",
    "encoding/protowire",
    "internal/descfmt",
    "internal/descopts",
    "internal/detrand",
    "internal/encoding/defval",
    "internal/encoding/messageset",
    "internal/encoding/tag",
    "internal/encoding/text",
    "internal/errors",
    "internal/filedesc",
    "internal/filetype",
    "internal/flags",
    "internal/genid",
    "internal/impl",
    "internal/order",
    "internal/pragma",
    "internal/set",
    "internal/strs",
    "internal/version",
    "proto",
    "reflect/protodesc",
    "reflect/protoreflect",
    "reflect/protoregistry",
    "runtime/protoiface",
    "runtime/protoimpl",
    "types/descriptorpb",
  ]
  pruneopts = ""
  revision = "f2d1f6cbe10b90d22296ea09a7217081c2798009"
  version = "v1.26.0"

[[projects]]
  digest = "1:e16ac6e1940b5b7a10aa6403fac643c2317649c5b823fcce7a4f36c77d30b878"
  name = "gopkg.in/h2non/gentleman.v2"
  packages = [
    ".",
    "context",
    "middleware",
    "mux",
    "plugin",
    "plugins/body",
    "plugins/bodytype",
    "plugins/cookies",
    "plugins/headers",
    "plugins/multipart",
    "plugins/query",
    "plugins/timeout",
    "plugins/url",
    "utils",
  ]
  pruneopts = ""
  revision = "f14529a1dee7b7a12b57032fea670377c4030f50"
  version = "v2.0.5"

[[projects]]
  digest = "1:7436f519828cd59ec8f6beac99e397a1bc9a4ce8871d9fbca029bddeaba48a92"
  name = "gopkg.in/square/go-jose.v2"
  packages = [
    ".",
    "cipher",
    "json",
  ]
  pruneopts = ""
  revision = "3a5ee095dcb5030a9de84fb92c222ac652fff176"
  version = "v2.5.1"

[[projects]]
  branch = "v3"
  digest = "1:3f081584f03a869274b31afe33c22ce278c53767cb58963916746109e1d50535"
  name = "gopkg.in/yaml.v3"
  packages = ["."]
  pruneopts = ""
  revision = "496545a6307b2a7d7a710fd516e5e16e8ab62dbc"

[solve-meta]
  analyzer-name = "dep"
  analyzer-version = 1
  input-imports = [
    "github.com/cloudtrust/common-service/errors",
    "github.com/coreos/go-oidc",
    "github.com/gbrlsnchs/jwt",
    "github.com/go-kit/kit/transport/http",
    "github.com/golang/mock/gomock",
    "github.com/gorilla/mux",
    "github.com/pkg/errors",
    "github.com/spf13/pflag",
    "github.com/stretchr/testify/assert",
    "gopkg.in/h2non/gentleman.v2",
    "gopkg.in/h2non/gentleman.v2/plugin",
    "gopkg.in/h2non/gentleman.v2/plugins/body",
    "gopkg.in/h2non/gentleman.v2/plugins/headers",
    "gopkg.in/h2non/gentleman.v2/plugins/query",
    "gopkg.in/h2non/gentleman.v2/plugins/timeout",
    "gopkg.in/h2non/gentleman.v2/plugins/url",
  ]
  solver-name = "gps-cdcl"
  solver-version = 1
